
Microsoft Visual Studio Solution File, Format Version 12.00
# Visual Studio Version 16
VisualStudioVersion = 16.0.30907.101
MinimumVisualStudioVersion = 10.0.40219.1
Project("{FAE04EC0-301F-11D3-BF4B-00C04F79EFBC}") = "Лаб1", "Лаб1\Лаб1.csproj", "{03A84B47-31EF-4094-A731-96A4C510B6DB}"
EndProject
Global
	GlobalSection(SolutionConfigurationPlatforms) = preSolution
		Debug|Any CPU = Debug|Any CPU
		Release|Any CPU = Release|Any CPU
	EndGlobalSection
	GlobalSection(ProjectConfigurationPlatforms) = postSolution
		{03A84B47-31EF-4094-A731-96A4C510B6DB}.Debug|Any CPU.ActiveCfg = Debug|Any CPU
		{03A84B47-31EF-4094-A731-96A4C510B6DB}.Debug|Any CPU.Build.0 = Debug|Any CPU
		{03A84B47-31EF-4094-A731-96A4C510B6DB}.Release|Any CPU.ActiveCfg = Release|Any CPU
		{03A84B47-31EF-4094-A731-96A4C510B6DB}.Release|Any CPU.Build.0 = Release|Any CPU
	EndGlobalSection
	GlobalSection(SolutionProperties) = preSolution
		HideSolutionNode = FALSE
	EndGlobalSection
	GlobalSection(ExtensibilityGlobals) = postSolution
		SolutionGuid = {9F5850C3-2925-4885-AAA5-E41396F6212B}
	EndGlobalSection
EndGlobal
