
Microsoft Visual Studio Solution File, Format Version 12.00
# Visual Studio Version 16
VisualStudioVersion = 16.0.31005.135
MinimumVisualStudioVersion = 10.0.40219.1
Project("{FAE04EC0-301F-11D3-BF4B-00C04F79EFBC}") = "ЛБР5 - Полиморфизм", "ЛБР5 - Полиморфизм\ЛБР5 - Полиморфизм.csproj", "{D1F0ADE1-09CA-4F46-9B8E-8CEBC0C0CC2D}"
EndProject
Global
	GlobalSection(SolutionConfigurationPlatforms) = preSolution
		Debug|Any CPU = Debug|Any CPU
		Release|Any CPU = Release|Any CPU
	EndGlobalSection
	GlobalSection(ProjectConfigurationPlatforms) = postSolution
		{D1F0ADE1-09CA-4F46-9B8E-8CEBC0C0CC2D}.Debug|Any CPU.ActiveCfg = Debug|Any CPU
		{D1F0ADE1-09CA-4F46-9B8E-8CEBC0C0CC2D}.Debug|Any CPU.Build.0 = Debug|Any CPU
		{D1F0ADE1-09CA-4F46-9B8E-8CEBC0C0CC2D}.Release|Any CPU.ActiveCfg = Release|Any CPU
		{D1F0ADE1-09CA-4F46-9B8E-8CEBC0C0CC2D}.Release|Any CPU.Build.0 = Release|Any CPU
	EndGlobalSection
	GlobalSection(SolutionProperties) = preSolution
		HideSolutionNode = FALSE
	EndGlobalSection
	GlobalSection(ExtensibilityGlobals) = postSolution
		SolutionGuid = {73A13DE2-5A81-4BA2-A6B9-67EDD9D11BC5}
	EndGlobalSection
EndGlobal
